
Microsoft Visual Studio Solution File, Format Version 12.00
# Visual Studio 2012
Project("{FAE04EC0-301F-11D3-BF4B-00C04F79EFBC}") = "MobileApp", "MobileApp\MobileApp.csproj", "{B025F950-AAE1-4EF4-AD40-BED6861E05F6}"
EndProject
Project("{FAE04EC0-301F-11D3-BF4B-00C04F79EFBC}") = "MobileApp.iOS", "iOS\MobileApp.iOS.csproj", "{8F89C59E-6FF3-40D6-8546-C17D090987A3}"
EndProject
Project("{FAE04EC0-301F-11D3-BF4B-00C04F79EFBC}") = "MobileApp.Android", "Android\MobileApp.Android.csproj", "{2BCF3E19-0E8C-4D66-B8DC-B126376F81E0}"
EndProject
Global
	GlobalSection(SolutionConfigurationPlatforms) = preSolution
		Debug|Any CPU = Debug|Any CPU
		Release|Any CPU = Release|Any CPU
		Debug|iPhoneSimulator = Debug|iPhoneSimulator
		Release|iPhoneSimulator = Release|iPhoneSimulator
		Debug|iPhone = Debug|iPhone
		Release|iPhone = Release|iPhone
		Ad-Hoc|iPhone = Ad-Hoc|iPhone
		AppStore|iPhone = AppStore|iPhone
	EndGlobalSection
	GlobalSection(ProjectConfigurationPlatforms) = postSolution
		{2BCF3E19-0E8C-4D66-B8DC-B126376F81E0}.Ad-Hoc|iPhone.ActiveCfg = Debug|Any CPU
		{2BCF3E19-0E8C-4D66-B8DC-B126376F81E0}.Ad-Hoc|iPhone.Build.0 = Debug|Any CPU
		{2BCF3E19-0E8C-4D66-B8DC-B126376F81E0}.AppStore|iPhone.ActiveCfg = Debug|Any CPU
		{2BCF3E19-0E8C-4D66-B8DC-B126376F81E0}.AppStore|iPhone.Build.0 = Debug|Any CPU
		{2BCF3E19-0E8C-4D66-B8DC-B126376F81E0}.Debug|Any CPU.ActiveCfg = Debug|Any CPU
		{2BCF3E19-0E8C-4D66-B8DC-B126376F81E0}.Debug|Any CPU.Build.0 = Debug|Any CPU
		{2BCF3E19-0E8C-4D66-B8DC-B126376F81E0}.Debug|iPhone.ActiveCfg = Debug|Any CPU
		{2BCF3E19-0E8C-4D66-B8DC-B126376F81E0}.Debug|iPhone.Build.0 = Debug|Any CPU
		{2BCF3E19-0E8C-4D66-B8DC-B126376F81E0}.Debug|iPhoneSimulator.ActiveCfg = Debug|Any CPU
		{2BCF3E19-0E8C-4D66-B8DC-B126376F81E0}.Debug|iPhoneSimulator.Build.0 = Debug|Any CPU
		{2BCF3E19-0E8C-4D66-B8DC-B126376F81E0}.Release|Any CPU.ActiveCfg = Release|Any CPU
		{2BCF3E19-0E8C-4D66-B8DC-B126376F81E0}.Release|Any CPU.Build.0 = Release|Any CPU
		{2BCF3E19-0E8C-4D66-B8DC-B126376F81E0}.Release|iPhone.ActiveCfg = Release|Any CPU
		{2BCF3E19-0E8C-4D66-B8DC-B126376F81E0}.Release|iPhone.Build.0 = Release|Any CPU
		{2BCF3E19-0E8C-4D66-B8DC-B126376F81E0}.Release|iPhoneSimulator.ActiveCfg = Release|Any CPU
		{2BCF3E19-0E8C-4D66-B8DC-B126376F81E0}.Release|iPhoneSimulator.Build.0 = Release|Any CPU
		{8F89C59E-6FF3-40D6-8546-C17D090987A3}.Ad-Hoc|iPhone.ActiveCfg = Ad-Hoc|iPhone
		{8F89C59E-6FF3-40D6-8546-C17D090987A3}.Ad-Hoc|iPhone.Build.0 = Ad-Hoc|iPhone
		{8F89C59E-6FF3-40D6-8546-C17D090987A3}.AppStore|iPhone.ActiveCfg = AppStore|iPhone
		{8F89C59E-6FF3-40D6-8546-C17D090987A3}.AppStore|iPhone.Build.0 = AppStore|iPhone
		{8F89C59E-6FF3-40D6-8546-C17D090987A3}.Debug|Any CPU.ActiveCfg = Debug|iPhoneSimulator
		{8F89C59E-6FF3-40D6-8546-C17D090987A3}.Debug|Any CPU.Build.0 = Debug|iPhoneSimulator
		{8F89C59E-6FF3-40D6-8546-C17D090987A3}.Debug|iPhone.ActiveCfg = Debug|iPhone
		{8F89C59E-6FF3-40D6-8546-C17D090987A3}.Debug|iPhone.Build.0 = Debug|iPhone
		{8F89C59E-6FF3-40D6-8546-C17D090987A3}.Debug|iPhoneSimulator.ActiveCfg = Debug|iPhoneSimulator
		{8F89C59E-6FF3-40D6-8546-C17D090987A3}.Debug|iPhoneSimulator.Build.0 = Debug|iPhoneSimulator
		{8F89C59E-6FF3-40D6-8546-C17D090987A3}.Release|Any CPU.ActiveCfg = Release|iPhoneSimulator
		{8F89C59E-6FF3-40D6-8546-C17D090987A3}.Release|Any CPU.Build.0 = Release|iPhoneSimulator
		{8F89C59E-6FF3-40D6-8546-C17D090987A3}.Release|iPhone.ActiveCfg = Release|iPhone
		{8F89C59E-6FF3-40D6-8546-C17D090987A3}.Release|iPhone.Build.0 = Release|iPhone
		{8F89C59E-6FF3-40D6-8546-C17D090987A3}.Release|iPhoneSimulator.ActiveCfg = Release|iPhoneSimulator
		{8F89C59E-6FF3-40D6-8546-C17D090987A3}.Release|iPhoneSimulator.Build.0 = Release|iPhoneSimulator
		{B025F950-AAE1-4EF4-AD40-BED6861E05F6}.Ad-Hoc|iPhone.ActiveCfg = Debug|Any CPU
		{B025F950-AAE1-4EF4-AD40-BED6861E05F6}.Ad-Hoc|iPhone.Build.0 = Debug|Any CPU
		{B025F950-AAE1-4EF4-AD40-BED6861E05F6}.AppStore|iPhone.ActiveCfg = Debug|Any CPU
		{B025F950-AAE1-4EF4-AD40-BED6861E05F6}.AppStore|iPhone.Build.0 = Debug|Any CPU
		{B025F950-AAE1-4EF4-AD40-BED6861E05F6}.Debug|Any CPU.ActiveCfg = Debug|Any CPU
		{B025F950-AAE1-4EF4-AD40-BED6861E05F6}.Debug|Any CPU.Build.0 = Debug|Any CPU
		{B025F950-AAE1-4EF4-AD40-BED6861E05F6}.Debug|iPhone.ActiveCfg = Debug|Any CPU
		{B025F950-AAE1-4EF4-AD40-BED6861E05F6}.Debug|iPhone.Build.0 = Debug|Any CPU
		{B025F950-AAE1-4EF4-AD40-BED6861E05F6}.Debug|iPhoneSimulator.ActiveCfg = Debug|Any CPU
		{B025F950-AAE1-4EF4-AD40-BED6861E05F6}.Debug|iPhoneSimulator.Build.0 = Debug|Any CPU
		{B025F950-AAE1-4EF4-AD40-BED6861E05F6}.Release|Any CPU.ActiveCfg = Release|Any CPU
		{B025F950-AAE1-4EF4-AD40-BED6861E05F6}.Release|Any CPU.Build.0 = Release|Any CPU
		{B025F950-AAE1-4EF4-AD40-BED6861E05F6}.Release|iPhone.ActiveCfg = Release|Any CPU
		{B025F950-AAE1-4EF4-AD40-BED6861E05F6}.Release|iPhone.Build.0 = Release|Any CPU
		{B025F950-AAE1-4EF4-AD40-BED6861E05F6}.Release|iPhoneSimulator.ActiveCfg = Release|Any CPU
		{B025F950-AAE1-4EF4-AD40-BED6861E05F6}.Release|iPhoneSimulator.Build.0 = Release|Any CPU
	EndGlobalSection
	GlobalSection(MonoDevelopProperties) = preSolution
		StartupItem = iOS\MobileApp.iOS.csproj
		Policies = $0
		$0.DotNetNamingPolicy = $1
		$1.DirectoryNamespaceAssociation = PrefixedHierarchical
		$1.ResourceNamePolicy = FileFormatDefault
	EndGlobalSection
EndGlobal
